# This file is automatically @generated by Cargo.
# It is not intended for manual editing.
version = 4

[[package]]
name = "calm_io"
version = "0.1.1"
source = "registry+https://github.com/rust-lang/crates.io-index"
checksum = "2ea0608700fe42d90ec17ad0f86335cf229b67df2e34e7f463e8241ce7b8fa5f"
dependencies = [
 "calmio_filters",
]

[[package]]
name = "calmio_filters"
version = "0.1.0"
source = "registry+https://github.com/rust-lang/crates.io-index"
checksum = "846501f4575cd66766a40bb7ab6d8e960adc7eb49f753c8232bd8e0e09cf6ca2"
dependencies = [
 "quote",
 "syn",
]

[[package]]
name = "hmm_tblout"
version = "0.4.0"
source = "registry+https://github.com/rust-lang/crates.io-index"
checksum = "7030dbfd1435ac4f4a6d71f100d1884028d3a8834608c5a4fc6806289b5febac"

[[package]]
name = "hmm_to_gff"
version = "0.1.0"
dependencies = [
 "calm_io",
 "hmm_tblout",
]

[[package]]
name = "proc-macro2"
version = "1.0.93"
source = "registry+https://github.com/rust-lang/crates.io-index"
checksum = "60946a68e5f9d28b0dc1c21bb8a97ee7d018a8b322fa57838ba31cc878e22d99"
dependencies = [
 "unicode-ident",
]

[[package]]
name = "quote"
version = "1.0.38"
source = "registry+https://github.com/rust-lang/crates.io-index"
checksum = "0e4dccaaaf89514f546c693ddc140f729f958c247918a13380cccc6078391acc"
dependencies = [
 "proc-macro2",
]

[[package]]
name = "syn"
version = "1.0.109"
source = "registry+https://github.com/rust-lang/crates.io-index"
checksum = "72b64191b275b66ffe2469e8af2c1cfe3bafa67b529ead792a6d0160888b4237"
dependencies = [
 "proc-macro2",
 "quote",
 "unicode-ident",
]

[[package]]
name = "unicode-ident"
version = "1.0.16"
source = "registry+https://github.com/rust-lang/crates.io-index"
checksum = "a210d160f08b701c8721ba1c726c11662f877ea6b7094007e1ca9a1041945034"
